lockfileVersion: '6.0'

settings:
  autoInstallPeers: true
  excludeLinksFromLockfile: false

dependencies:
  prettier:
    specifier: ^2.7.1
    version: 2.7.1
  prettier-quick:
    specifier: ^0.0.5
    version: 0.0.5

packages:

  /prettier-quick@0.0.5:
    resolution: {integrity: sha512-5zOMSPAK7JQMNWjtxAy35XPgRN8TQY+khgpNhznQ30Zsv6V0hOIjre8X5cTrtdqa3NKZWWF1+TNS5+1LX/3a0w==}
    dev: false

  /prettier@2.7.1:
    resolution: {integrity: sha512-ujppO+MkdPqoVINuDFDRLClm7D78qbDt0/NR+wp5FqEZOoTNAjPHWj17QRhu7geIHJfcNhRk1XVQmF8Bp3ye+g==}
    engines: {node: '>=10.13.0'}
    hasBin: true
    dev: false
