lockfileVersion: 5.4

specifiers:
  nan: ^2.12.1
  tree-sitter-cli: ^0.20.7
  tree-sitter-clojure: github:sogaiu/tree-sitter-clojure

dependencies:
  nan: 2.17.0
  tree-sitter-clojure: github.com/sogaiu/tree-sitter-clojure/421546c2547c74d1d9a0d8c296c412071d37e7ca

devDependencies:
  tree-sitter-cli: 0.20.7

packages:

  /nan/2.14.2:
    resolution: {integrity: sha512-M2ufzIiINKCuDfBSAUr1vWQ+vuVcA9kqx8JJUsbQi6yf1uGRyb7HfpdfUr5qLXf3B/t8dPvcjhKMmlfnP47EzQ==}
    dev: false

  /nan/2.17.0:
    resolution: {integrity: sha512-2ZTgtl0nJsO0KQCjEpxcIr5D+Yv90plTitZt9JBfQvVJDS5seMl3FOvsh3+9CoYWXf/1l5OaZzzF6nDm4cagaQ==}
    dev: false

  /tree-sitter-cli/0.20.7:
    resolution: {integrity: sha512-MHABT8oCPr4D0fatsPo6ATQ9H4h9vHpPRjlxkxJs80tpfAEKGn6A1zU3eqfCKBcgmfZDe9CiL3rKOGMzYHwA3w==}
    hasBin: true
    requiresBuild: true
    dev: true

  github.com/sogaiu/tree-sitter-clojure/421546c2547c74d1d9a0d8c296c412071d37e7ca:
    resolution: {tarball: https://codeload.github.com/sogaiu/tree-sitter-clojure/tar.gz/421546c2547c74d1d9a0d8c296c412071d37e7ca}
    name: tree-sitter-clojure
    version: 0.0.11
    requiresBuild: true
    dependencies:
      nan: 2.14.2
    dev: false
